{
  "object": {
    "pins": [
      {
        "package": "nasa-apod-dataservice",
        "repositoryURL": "https://github.com/TheAppMentor/nasa-apod-dataservice.git",
        "state": {
          "branch": "master",
          "revision": "d62688e687fc8b192fac37d428eb71acdb0414e1",
          "version": null
        }
      }
    ]
  },
  "version": 1
}
