{
  "object": {
    "pins": [
      {
        "package": "nasa-apod-dataservice",
        "repositoryURL": "https://github.com/TheAppMentor/nasa-apod-dataservice.git",
        "state": {
          "branch": "master",
          "revision": "0b3f60718b1b8f9ce93cb0ad472bbdb04fa02154",
          "version": null
        }
      }
    ]
  },
  "version": 1
}
